// !$*UTF8*$!
{
	archiveVersion = 1;
	classes = {
	};
	objectVersion = 50;
	objects = {

/* Begin PBXBuildFile section */
		D816037F25D3CFCF005FFD7E /* AppDelegate.swift in Sources */ = {isa = PBXBuildFile; fileRef = D816037E25D3CFCF005FFD7E /* AppDelegate.swift */; };
		D816038125D3CFCF005FFD7E /* SceneDelegate.swift in Sources */ = {isa = PBXBuildFile; fileRef = D816038025D3CFCF005FFD7E /* SceneDelegate.swift */; };
		D816038325D3CFCF005FFD7E /* ViewController.swift in Sources */ = {isa = PBXBuildFile; fileRef = D816038225D3CFCF005FFD7E /* ViewController.swift */; };
		D816038625D3CFCF005FFD7E /* Main.storyboard in Resources */ = {isa = PBXBuildFile; fileRef = D816038425D3CFCF005FFD7E /* Main.storyboard */; };
		D816038825D3CFD3005FFD7E /* Assets.xcassets in Resources */ = {isa = PBXBuildFile; fileRef = D816038725D3CFD3005FFD7E /* Assets.xcassets */; };
		D816038B25D3CFD3005FFD7E /* LaunchScreen.storyboard in Resources */ = {isa = PBXBuildFile; fileRef = D816038925D3CFD3005FFD7E /* LaunchScreen.storyboard */; };
/* End PBXBuildFile section */

/* Begin PBXFileReference section */
		D816037B25D3CFCF005FFD7E /* SimpleAlbumList.app */ = {isa = PBXFileReference; explicitFileType = wrapper.application; includeInIndex = 0; path = SimpleAlbumList.app; sourceTree = BUILT_PRODUCTS_DIR; };
		D816037E25D3CFCF005FFD7E /* AppDelegate.swift */ = {isa = PBXFileReference; lastKnownFileType = sourcecode.swift; path = AppDelegate.swift; sourceTree = "<group>"; };
		D816038025D3CFCF005FFD7E /* SceneDelegate.swift */ = {isa = PBXFileReference; lastKnownFileType = sourcecode.swift; path = SceneDelegate.swift; sourceTree = "<group>"; };
		D816038225D3CFCF005FFD7E /* ViewController.swift */ = {isa = PBXFileReference; lastKnownFileType = sourcecode.swift; path = ViewController.swift; sourceTree = "<group>"; };
		D816038525D3CFCF005FFD7E /* Base */ = {isa = PBXFileReference; lastKnownFileType = file.storyboard; name = Base; path = Base.lproj/Main.storyboard; sourceTree = "<group>"; };
		D816038725D3CFD3005FFD7E /* Assets.xcassets */ = {isa = PBXFileReference; lastKnownFileType = folder.assetcatalog; path = Assets.xcassets; sourceTree = "<group>"; };
		D816038A25D3CFD3005FFD7E /* Base */ = {isa = PBXFileReference; lastKnownFileType = file.storyboard; name = Base; path = Base.lproj/LaunchScreen.storyboard; sourceTree = "<group>"; };
		D816038C25D3CFD3005FFD7E /* Info.plist */ = {isa = PBXFileReference; lastKnownFileType = text.plist.xml; path = Info.plist; sourceTree = "<group>"; };
/* End PBXFileReference section */

/* Begin PBXFrameworksBuildPhase section */
		D816037825D3CFCF005FFD7E /* Frameworks */ = {
			isa = PBXFrameworksBuildPhase;
			buildActionMask = 2147483647;
			files = (
			);
			runOnlyForDeploymentPostprocessing = 0;
		};
/* End PBXFrameworksBuildPhase section */

/* Begin PBXGroup section */
		D816037225D3CFCF005FFD7E = {
			isa = PBXGroup;
			children = (
				D816037D25D3CFCF005FFD7E /* SimpleAlbumList */,
				D816037C25D3CFCF005FFD7E /* Products */,
			);
			sourceTree = "<group>";
		};
		D816037C25D3CFCF005FFD7E /* Products */ = {
			isa = PBXGroup;
			children = (
				D816037B25D3CFCF005FFD7E /* SimpleAlbumList.app */,
			);
			name = Products;
			sourceTree = "<group>";
		};
		D816037D25D3CFCF005FFD7E /* SimpleAlbumList */ = {
			isa = PBXGroup;
			children = (
				D816037E25D3CFCF005FFD7E /* AppDelegate.swift */,
				D816038025D3CFCF005FFD7E /* SceneDelegate.swift */,
				D816038225D3CFCF005FFD7E /* ViewController.swift */,
				D816038425D3CFCF005FFD7E /* Main.storyboard */,
				D816038725D3CFD3005FFD7E /* Assets.xcassets */,
				D816038925D3CFD3005FFD7E /* LaunchScreen.storyboard */,
				D816038C25D3CFD3005FFD7E /* Info.plist */,
			);
			path = SimpleAlbumList;
			sourceTree = "<group>";
		};
/* End PBXGroup section */

/* Begin PBXNativeTarget section */
		D816037A25D3CFCF005FFD7E /* SimpleAlbumList */ = {
			isa = PBXNativeTarget;
			buildConfigurationList = D816038F25D3CFD3005FFD7E /* Build configuration list for PBXNativeTarget "SimpleAlbumList" */;
			buildPhases = (
				D816037725D3CFCF005FFD7E /* Sources */,
				D816037825D3CFCF005FFD7E /* Frameworks */,
				D816037925D3CFCF005FFD7E /* Resources */,
			);
			buildRules = (
			);
			dependencies = (
			);
			name = SimpleAlbumList;
			productName = SimpleAlbumList;
			productReference = D816037B25D3CFCF005FFD7E /* SimpleAlbumList.app */;
			productType = "com.apple.product-type.application";
		};
/* End PBXNativeTarget section */

/* Begin PBXProject section */
		D816037325D3CFCF005FFD7E /* Project object */ = {
			isa = PBXProject;
			attributes = {
				LastSwiftUpdateCheck = 1220;
				LastUpgradeCheck = 1220;
				TargetAttributes = {
					D816037A25D3CFCF005FFD7E = {
						CreatedOnToolsVersion = 12.2;
					};
				};
			};
			buildConfigurationList = D816037625D3CFCF005FFD7E /* Build configuration list for PBXProject "SimpleAlbumList" */;
			compatibilityVersion = "Xcode 9.3";
			developmentRegion = en;
			hasScannedForEncodings = 0;
			knownRegions = (
				en,
				Base,
			);
			mainGroup = D816037225D3CFCF005FFD7E;
			productRefGroup = D816037C25D3CFCF005FFD7E /* Products */;
			projectDirPath = "";
			projectRoot = "";
			targets = (
				D816037A25D3CFCF005FFD7E /* SimpleAlbumList */,
			);
		};
/* End PBXProject section */

/* Begin PBXResourcesBuildPhase section */
		D816037925D3CFCF005FFD7E /* Resources */ = {
			isa = PBXResourcesBuildPhase;
			buildActionMask = 2147483647;
			files = (
				D816038B25D3CFD3005FFD7E /* LaunchScreen.storyboard in Resources */,
				D816038825D3CFD3005FFD7E /* Assets.xcassets in Resources */,
				D816038625D3CFCF005FFD7E /* Main.storyboard in Resources */,
			);
			runOnlyForDeploymentPostprocessing = 0;
		};
/* End PBXResourcesBuildPhase section */

/* Begin PBXSourcesBuildPhase section */
		D816037725D3CFCF005FFD7E /* Sources */ = {
			isa = PBXSourcesBuildPhase;
			buildActionMask = 2147483647;
			files = (
				D816038325D3CFCF005FFD7E /* ViewController.swift in Sources */,
				D816037F25D3CFCF005FFD7E /* AppDelegate.swift in Sources */,
				D816038125D3CFCF005FFD7E /* SceneDelegate.swift in Sources */,
			);
			runOnlyForDeploymentPostprocessing = 0;
		};
/* End PBXSourcesBuildPhase section */

/* Begin PBXVariantGroup section */
		D816038425D3CFCF005FFD7E /* Main.storyboard */ = {
			isa = PBXVariantGroup;
			children = (
				D816038525D3CFCF005FFD7E /* Base */,
			);
			name = Main.storyboard;
			sourceTree = "<group>";
		};
		D816038925D3CFD3005FFD7E /* LaunchScreen.storyboard */ = {
			isa = PBXVariantGroup;
			children = (
				D816038A25D3CFD3005FFD7E /* Base */,
			);
			name = LaunchScreen.storyboard;
			sourceTree = "<group>";
		};
/* End PBXVariantGroup section */

/* Begin XCBuildConfiguration section */
		D816038D25D3CFD3005FFD7E /* Debug */ = {
			isa = XCBuildConfiguration;
			buildSettings = {
				ALWAYS_SEARCH_USER_PATHS = NO;
				CLANG_ANALYZER_NONNULL = YES;
				CLANG_ANALYZER_NUMBER_OBJECT_CONVERSION = YES_AGGRESSIVE;
				CLANG_CXX_LANGUAGE_STANDARD = "gnu++14";
				CLANG_CXX_LIBRARY = "libc++";
				CLANG_ENABLE_MODULES = YES;
				CLANG_ENABLE_OBJC_ARC = YES;
				CLANG_ENABLE_OBJC_WEAK = YES;
				CLANG_WARN_BLOCK_CAPTURE_AUTORELEASING = YES;
				CLANG_WARN_BOOL_CONVERSION = YES;
				CLANG_WARN_COMMA = YES;
				CLANG_WARN_CONSTANT_CONVERSION = YES;
				CLANG_WARN_DEPRECATED_OBJC_IMPLEMENTATIONS = YES;
				CLANG_WARN_DIRECT_OBJC_ISA_USAGE = YES_ERROR;
				CLANG_WARN_DOCUMENTATION_COMMENTS = YES;
				CLANG_WARN_EMPTY_BODY = YES;
				CLANG_WARN_ENUM_CONVERSION = YES;
				CLANG_WARN_INFINITE_RECURSION = YES;
				CLANG_WARN_INT_CONVERSION = YES;
				CLANG_WARN_NON_LITERAL_NULL_CONVERSION = YES;
				CLANG_WARN_OBJC_IMPLICIT_RETAIN_SELF = YES;
				CLANG_WARN_OBJC_LITERAL_CONVERSION = YES;
				CLANG_WARN_OBJC_ROOT_CLASS = YES_ERROR;
				CLANG_WARN_QUOTED_INCLUDE_IN_FRAMEWORK_HEADER = YES;
				CLANG_WARN_RANGE_LOOP_ANALYSIS = YES;
				CLANG_WARN_STRICT_PROTOTYPES = YES;
				CLANG_WARN_SUSPICIOUS_MOVE = YES;
				CLANG_WARN_UNGUARDED_AVAILABILITY = YES_AGGRESSIVE;
				CLANG_WARN_UNREACHABLE_CODE = YES;
				CLANG_WARN__DUPLICATE_METHOD_MATCH = YES;
				COPY_PHASE_STRIP = NO;
				DEBUG_INFORMATION_FORMAT = dwarf;
				ENABLE_STRICT_OBJC_MSGSEND = YES;
				ENABLE_TESTABILITY = YES;
				GCC_C_LANGUAGE_STANDARD = gnu11;
				GCC_DYNAMIC_NO_PIC = NO;
				GCC_NO_COMMON_BLOCKS = YES;
				GCC_OPTIMIZATION_LEVEL = 0;
				GCC_PREPROCESSOR_DEFINITIONS = (
					"DEBUG=1",
					"$(inherited)",
				);
				GCC_WARN_64_TO_32_BIT_CONVERSION = YES;
				GCC_WARN_ABOUT_RETURN_TYPE = YES_ERROR;
				GCC_WARN_UNDECLARED_SELECTOR = YES;
				GCC_WARN_UNINITIALIZED_AUTOS = YES_AGGRESSIVE;
				GCC_WARN_UNUSED_FUNCTION = YES;
				GCC_WARN_UNUSED_VARIABLE = YES;
				IPHONEOS_DEPLOYMENT_TARGET = 14.2;
				MTL_ENABLE_DEBUG_INFO = INCLUDE_SOURCE;
				MTL_FAST_MATH = YES;
				ONLY_ACTIVE_ARCH = YES;
				SDKROOT = iphoneos;
				SWIFT_ACTIVE_COMPILATION_CONDITIONS = DEBUG;
				SWIFT_OPTIMIZATION_LEVEL = "-Onone";
			};
			name = Debug;
		};
		D816038E25D3CFD3005FFD7E /* Release */ = {
			isa = XCBuildConfiguration;
			buildSettings = {
				ALWAYS_SEARCH_USER_PATHS = NO;
				CLANG_ANALYZER_NONNULL = YES;
				CLANG_ANALYZER_NUMBER_OBJECT_CONVERSION = YES_AGGRESSIVE;
				CLANG_CXX_LANGUAGE_STANDARD = "gnu++14";
				CLANG_CXX_LIBRARY = "libc++";
				CLANG_ENABLE_MODULES = YES;
				CLANG_ENABLE_OBJC_ARC = YES;
				CLANG_ENABLE_OBJC_WEAK = YES;
				CLANG_WARN_BLOCK_CAPTURE_AUTORELEASING = YES;
				CLANG_WARN_BOOL_CONVERSION = YES;
				CLANG_WARN_COMMA = YES;
				CLANG_WARN_CONSTANT_CONVERSION = YES;
				CLANG_WARN_DEPRECATED_OBJC_IMPLEMENTATIONS = YES;
				CLANG_WARN_DIRECT_OBJC_ISA_USAGE = YES_ERROR;
				CLANG_WARN_DOCUMENTATION_COMMENTS = YES;
				CLANG_WARN_EMPTY_BODY = YES;
				CLANG_WARN_ENUM_CONVERSION = YES;
				CLANG_WARN_INFINITE_RECURSION = YES;
				CLANG_WARN_INT_CONVERSION = YES;
				CLANG_WARN_NON_LITERAL_NULL_CONVERSION = YES;
				CLANG_WARN_OBJC_IMPLICIT_RETAIN_SELF = YES;
				CLANG_WARN_OBJC_LITERAL_CONVERSION = YES;
				CLANG_WARN_OBJC_ROOT_CLASS = YES_ERROR;
				CLANG_WARN_QUOTED_INCLUDE_IN_FRAMEWORK_HEADER = YES;
				CLANG_WARN_RANGE_LOOP_ANALYSIS = YES;
				CLANG_WARN_STRICT_PROTOTYPES = YES;
				CLANG_WARN_SUSPICIOUS_MOVE = YES;
				CLANG_WARN_UNGUARDED_AVAILABILITY = YES_AGGRESSIVE;
				CLANG_WARN_UNREACHABLE_CODE = YES;
				CLANG_WARN__DUPLICATE_METHOD_MATCH = YES;
				COPY_PHASE_STRIP = NO;
				DEBUG_INFORMATION_FORMAT = "dwarf-with-dsym";
				ENABLE_NS_ASSERTIONS = NO;
				ENABLE_STRICT_OBJC_MSGSEND = YES;
				GCC_C_LANGUAGE_STANDARD = gnu11;
				GCC_NO_COMMON_BLOCKS = YES;
				GCC_WARN_64_TO_32_BIT_CONVERSION = YES;
				GCC_WARN_ABOUT_RETURN_TYPE = YES_ERROR;
				GCC_WARN_UNDECLARED_SELECTOR = YES;
				GCC_WARN_UNINITIALIZED_AUTOS = YES_AGGRESSIVE;
				GCC_WARN_UNUSED_FUNCTION = YES;
				GCC_WARN_UNUSED_VARIABLE = YES;
				IPHONEOS_DEPLOYMENT_TARGET = 14.2;
				MTL_ENABLE_DEBUG_INFO = NO;
				MTL_FAST_MATH = YES;
				SDKROOT = iphoneos;
				SWIFT_COMPILATION_MODE = wholemodule;
				SWIFT_OPTIMIZATION_LEVEL = "-O";
				VALIDATE_PRODUCT = YES;
			};
			name = Release;
		};
		D816039025D3CFD3005FFD7E /* Debug */ = {
			isa = XCBuildConfiguration;
			buildSettings = {
				ASSETCATALOG_COMPILER_APPICON_NAME = AppIcon;
				ASSETCATALOG_COMPILER_GLOBAL_ACCENT_COLOR_NAME = AccentColor;
				CODE_SIGN_STYLE = Automatic;
				DEVELOPMENT_TEAM = RY68S9264Y;
				INFOPLIST_FILE = SimpleAlbumList/Info.plist;
				LD_RUNPATH_SEARCH_PATHS = (
					"$(inherited)",
					"@executable_path/Frameworks",
				);
				PRODUCT_BUNDLE_IDENTIFIER = com.test.SimpleAlbumList;
				PRODUCT_NAME = "$(TARGET_NAME)";
				SWIFT_VERSION = 5.0;
				TARGETED_DEVICE_FAMILY = "1,2";
			};
			name = Debug;
		};
		D816039125D3CFD3005FFD7E /* Release */ = {
			isa = XCBuildConfiguration;
			buildSettings = {
				ASSETCATALOG_COMPILER_APPICON_NAME = AppIcon;
				ASSETCATALOG_COMPILER_GLOBAL_ACCENT_COLOR_NAME = AccentColor;
				CODE_SIGN_STYLE = Automatic;
				DEVELOPMENT_TEAM = RY68S9264Y;
				INFOPLIST_FILE = SimpleAlbumList/Info.plist;
				LD_RUNPATH_SEARCH_PATHS = (
					"$(inherited)",
					"@executable_path/Frameworks",
				);
				PRODUCT_BUNDLE_IDENTIFIER = com.test.SimpleAlbumList;
				PRODUCT_NAME = "$(TARGET_NAME)";
				SWIFT_VERSION = 5.0;
				TARGETED_DEVICE_FAMILY = "1,2";
			};
			name = Release;
		};
/* End XCBuildConfiguration section */

/* Begin XCConfigurationList section */
		D816037625D3CFCF005FFD7E /* Build configuration list for PBXProject "SimpleAlbumList" */ = {
			isa = XCConfigurationList;
			buildConfigurations = (
				D816038D25D3CFD3005FFD7E /* Debug */,
				D816038E25D3CFD3005FFD7E /* Release */,
			);
			defaultConfigurationIsVisible = 0;
			defaultConfigurationName = Release;
		};
		D816038F25D3CFD3005FFD7E /* Build configuration list for PBXNativeTarget "SimpleAlbumList" */ = {
			isa = XCConfigurationList;
			buildConfigurations = (
				D816039025D3CFD3005FFD7E /* Debug */,
				D816039125D3CFD3005FFD7E /* Release */,
			);
			defaultConfigurationIsVisible = 0;
			defaultConfigurationName = Release;
		};
/* End XCConfigurationList section */
	};
	rootObject = D816037325D3CFCF005FFD7E /* Project object */;
}
